// !$*UTF8*$!
{
	archiveVersion = 1;
	classes = {
	};
	objectVersion = 46;
	objects = {

/* Begin PBXBuildFile section */
		4573CD3E19F9141A00E1071B /* weathericons-regular-webfont.ttf in Resources */ = {isa = PBXBuildFile; fileRef = 4573CD3D19F9141A00E1071B /* weathericons-regular-webfont.ttf */; };
		4573CD4819F9485700E1071B /* WeatherCollectionViewCell.m in Sources */ = {isa = PBXBuildFile; fileRef = 4573CD4719F9485700E1071B /* WeatherCollectionViewCell.m */; };
		45AAB4BD19F85BF100F11615 /* places.json in Resources */ = {isa = PBXBuildFile; fileRef = 45AAB4BC19F85BF100F11615 /* places.json */; };
		45AAB4C019F8D9E900F11615 /* CustomProgressView.m in Sources */ = {isa = PBXBuildFile; fileRef = 45AAB4BF19F8D9E900F11615 /* CustomProgressView.m */; };
		45D80FC819F7AC8700582441 /* main.m in Sources */ = {isa = PBXBuildFile; fileRef = 45D80FC719F7AC8700582441 /* main.m */; };
		45D80FCB19F7AC8700582441 /* AppDelegate.m in Sources */ = {isa = PBXBuildFile; fileRef = 45D80FCA19F7AC8700582441 /* AppDelegate.m */; };
		45D80FCE19F7AC8700582441 /* ViewController.m in Sources */ = {isa = PBXBuildFile; fileRef = 45D80FCD19F7AC8700582441 /* ViewController.m */; };
		45D80FD119F7AC8700582441 /* Main.storyboard in Resources */ = {isa = PBXBuildFile; fileRef = 45D80FCF19F7AC8700582441 /* Main.storyboard */; };
		45D80FD319F7AC8700582441 /* Images.xcassets in Resources */ = {isa = PBXBuildFile; fileRef = 45D80FD219F7AC8700582441 /* Images.xcassets */; };
		45D80FD619F7AC8700582441 /* LaunchScreen.xib in Resources */ = {isa = PBXBuildFile; fileRef = 45D80FD419F7AC8700582441 /* LaunchScreen.xib */; };
		45D80FE219F7AC8800582441 /* VaeretTests.m in Sources */ = {isa = PBXBuildFile; fileRef = 45D80FE119F7AC8800582441 /* VaeretTests.m */; };
		45D80FEE19F7E2AC00582441 /* MPGTextField.m in Sources */ = {isa = PBXBuildFile; fileRef = 45D80FED19F7E2AC00582441 /* MPGTextField.m */; };
/* End PBXBuildFile section */

/* Begin PBXContainerItemProxy section */
		45D80FDC19F7AC8800582441 /* PBXContainerItemProxy */ = {
			isa = PBXContainerItemProxy;
			containerPortal = 45D80FBA19F7AC8700582441 /* Project object */;
			proxyType = 1;
			remoteGlobalIDString = 45D80FC119F7AC8700582441;
			remoteInfo = Vaeret;
		};
/* End PBXContainerItemProxy section */

/* Begin PBXFileReference section */
		4573CD3D19F9141A00E1071B /* weathericons-regular-webfont.ttf */ = {isa = PBXFileReference; lastKnownFileType = file; name = "weathericons-regular-webfont.ttf"; path = "MPGTextField/weathericons-regular-webfont.ttf"; sourceTree = "<group>"; };
		4573CD4619F9485700E1071B /* WeatherCollectionViewCell.h */ = {isa = PBXFileReference; fileEncoding = 4; lastKnownFileType = sourcecode.c.h; name = WeatherCollectionViewCell.h; path = ../WeatherCollectionViewCell.h; sourceTree = "<group>"; };
		4573CD4719F9485700E1071B /* WeatherCollectionViewCell.m */ = {isa = PBXFileReference; fileEncoding = 4; lastKnownFileType = sourcecode.c.objc; name = WeatherCollectionViewCell.m; path = ../WeatherCollectionViewCell.m; sourceTree = "<group>"; };
		45AAB4BC19F85BF100F11615 /* places.json */ = {isa = PBXFileReference; fileEncoding = 4; lastKnownFileType = text.json; path = places.json; sourceTree = "<group>"; };
		45AAB4BE19F8D9E900F11615 /* CustomProgressView.h */ = {isa = PBXFileReference; fileEncoding = 4; lastKnownFileType = sourcecode.c.h; path = CustomProgressView.h; sourceTree = "<group>"; };
		45AAB4BF19F8D9E900F11615 /* CustomProgressView.m */ = {isa = PBXFileReference; fileEncoding = 4; lastKnownFileType = sourcecode.c.objc; path = CustomProgressView.m; sourceTree = "<group>"; };
		45D80FC219F7AC8700582441 /* Vaeret.app */ = {isa = PBXFileReference; explicitFileType = wrapper.application; includeInIndex = 0; path = Vaeret.app; sourceTree = BUILT_PRODUCTS_DIR; };
		45D80FC619F7AC8700582441 /* Info.plist */ = {isa = PBXFileReference; lastKnownFileType = text.plist.xml; path = Info.plist; sourceTree = "<group>"; };
		45D80FC719F7AC8700582441 /* main.m */ = {isa = PBXFileReference; lastKnownFileType = sourcecode.c.objc; path = main.m; sourceTree = "<group>"; };
		45D80FC919F7AC8700582441 /* AppDelegate.h */ = {isa = PBXFileReference; lastKnownFileType = sourcecode.c.h; path = AppDelegate.h; sourceTree = "<group>"; };
		45D80FCA19F7AC8700582441 /* AppDelegate.m */ = {isa = PBXFileReference; lastKnownFileType = sourcecode.c.objc; path = AppDelegate.m; sourceTree = "<group>"; };
		45D80FCC19F7AC8700582441 /* ViewController.h */ = {isa = PBXFileReference; lastKnownFileType = sourcecode.c.h; path = ViewController.h; sourceTree = "<group>"; };
		45D80FCD19F7AC8700582441 /* ViewController.m */ = {isa = PBXFileReference; lastKnownFileType = sourcecode.c.objc; path = ViewController.m; sourceTree = "<group>"; };
		45D80FD019F7AC8700582441 /* Base */ = {isa = PBXFileReference; lastKnownFileType = file.storyboard; name = Base; path = Base.lproj/Main.storyboard; sourceTree = "<group>"; };
		45D80FD219F7AC8700582441 /* Images.xcassets */ = {isa = PBXFileReference; lastKnownFileType = folder.assetcatalog; path = Images.xcassets; sourceTree = "<group>"; };
		45D80FD519F7AC8700582441 /* Base */ = {isa = PBXFileReference; lastKnownFileType = file.xib; name = Base; path = Base.lproj/LaunchScreen.xib; sourceTree = "<group>"; };
		45D80FDB19F7AC8700582441 /* VaeretTests.xctest */ = {isa = PBXFileReference; explicitFileType = wrapper.cfbundle; includeInIndex = 0; path = VaeretTests.xctest; sourceTree = BUILT_PRODUCTS_DIR; };
		45D80FE019F7AC8800582441 /* Info.plist */ = {isa = PBXFileReference; lastKnownFileType = text.plist.xml; path = Info.plist; sourceTree = "<group>"; };
		45D80FE119F7AC8800582441 /* VaeretTests.m */ = {isa = PBXFileReference; lastKnownFileType = sourcecode.c.objc; path = VaeretTests.m; sourceTree = "<group>"; };
		45D80FEC19F7E2AC00582441 /* MPGTextField.h */ = {isa = PBXFileReference; fileEncoding = 4; lastKnownFileType = sourcecode.c.h; path = MPGTextField.h; sourceTree = "<group>"; };
		45D80FED19F7E2AC00582441 /* MPGTextField.m */ = {isa = PBXFileReference; fileEncoding = 4; lastKnownFileType = sourcecode.c.objc; path = MPGTextField.m; sourceTree = "<group>"; };
/* End PBXFileReference section */

/* Begin PBXFrameworksBuildPhase section */
		45D80FBF19F7AC8700582441 /* Frameworks */ = {
			isa = PBXFrameworksBuildPhase;
			buildActionMask = 2147483647;
			files = (
			);
			runOnlyForDeploymentPostprocessing = 0;
		};
		45D80FD819F7AC8700582441 /* Frameworks */ = {
			isa = PBXFrameworksBuildPhase;
			buildActionMask = 2147483647;
			files = (
			);
			runOnlyForDeploymentPostprocessing = 0;
		};
/* End PBXFrameworksBuildPhase section */

/* Begin PBXGroup section */
		45D80FB919F7AC8700582441 = {
			isa = PBXGroup;
			children = (
				45D80FC419F7AC8700582441 /* Vaeret */,
				45D80FDE19F7AC8800582441 /* VaeretTests */,
				45D80FC319F7AC8700582441 /* Products */,
			);
			sourceTree = "<group>";
		};
		45D80FC319F7AC8700582441 /* Products */ = {
			isa = PBXGroup;
			children = (
				45D80FC219F7AC8700582441 /* Vaeret.app */,
				45D80FDB19F7AC8700582441 /* VaeretTests.xctest */,
			);
			name = Products;
			sourceTree = "<group>";
		};
		45D80FC419F7AC8700582441 /* Vaeret */ = {
			isa = PBXGroup;
			children = (
				45D80FEB19F7E2AC00582441 /* MPGTextField */,
				4573CD4619F9485700E1071B /* WeatherCollectionViewCell.h */,
				4573CD4719F9485700E1071B /* WeatherCollectionViewCell.m */,
				45D80FC919F7AC8700582441 /* AppDelegate.h */,
				45D80FCA19F7AC8700582441 /* AppDelegate.m */,
				45D80FCC19F7AC8700582441 /* ViewController.h */,
				45D80FCD19F7AC8700582441 /* ViewController.m */,
				45AAB4BC19F85BF100F11615 /* places.json */,
				45D80FCF19F7AC8700582441 /* Main.storyboard */,
				45AAB4BE19F8D9E900F11615 /* CustomProgressView.h */,
				45AAB4BF19F8D9E900F11615 /* CustomProgressView.m */,
				45D80FD219F7AC8700582441 /* Images.xcassets */,
				45D80FD419F7AC8700582441 /* LaunchScreen.xib */,
				45D80FC519F7AC8700582441 /* Supporting Files */,
			);
			path = Vaeret;
			sourceTree = "<group>";
		};
		45D80FC519F7AC8700582441 /* Supporting Files */ = {
			isa = PBXGroup;
			children = (
				4573CD3D19F9141A00E1071B /* weathericons-regular-webfont.ttf */,
				45D80FC619F7AC8700582441 /* Info.plist */,
				45D80FC719F7AC8700582441 /* main.m */,
			);
			name = "Supporting Files";
			sourceTree = "<group>";
		};
		45D80FDE19F7AC8800582441 /* VaeretTests */ = {
			isa = PBXGroup;
			children = (
				45D80FE119F7AC8800582441 /* VaeretTests.m */,
				45D80FDF19F7AC8800582441 /* Supporting Files */,
			);
			path = VaeretTests;
			sourceTree = "<group>";
		};
		45D80FDF19F7AC8800582441 /* Supporting Files */ = {
			isa = PBXGroup;
			children = (
				45D80FE019F7AC8800582441 /* Info.plist */,
			);
			name = "Supporting Files";
			sourceTree = "<group>";
		};
		45D80FEB19F7E2AC00582441 /* MPGTextField */ = {
			isa = PBXGroup;
			children = (
				45D80FEC19F7E2AC00582441 /* MPGTextField.h */,
				45D80FED19F7E2AC00582441 /* MPGTextField.m */,
			);
			path = MPGTextField;
			sourceTree = "<group>";
		};
/* End PBXGroup section */

/* Begin PBXNativeTarget section */
		45D80FC119F7AC8700582441 /* Vaeret */ = {
			isa = PBXNativeTarget;
			buildConfigurationList = 45D80FE519F7AC8800582441 /* Build configuration list for PBXNativeTarget "Vaeret" */;
			buildPhases = (
				45D80FBE19F7AC8700582441 /* Sources */,
				45D80FBF19F7AC8700582441 /* Frameworks */,
				45D80FC019F7AC8700582441 /* Resources */,
			);
			buildRules = (
			);
			dependencies = (
			);
			name = Vaeret;
			productName = Vaeret;
			productReference = 45D80FC219F7AC8700582441 /* Vaeret.app */;
			productType = "com.apple.product-type.application";
		};
		45D80FDA19F7AC8700582441 /* VaeretTests */ = {
			isa = PBXNativeTarget;
			buildConfigurationList = 45D80FE819F7AC8800582441 /* Build configuration list for PBXNativeTarget "VaeretTests" */;
			buildPhases = (
				45D80FD719F7AC8700582441 /* Sources */,
				45D80FD819F7AC8700582441 /* Frameworks */,
				45D80FD919F7AC8700582441 /* Resources */,
			);
			buildRules = (
			);
			dependencies = (
				45D80FDD19F7AC8800582441 /* PBXTargetDependency */,
			);
			name = VaeretTests;
			productName = VaeretTests;
			productReference = 45D80FDB19F7AC8700582441 /* VaeretTests.xctest */;
			productType = "com.apple.product-type.bundle.unit-test";
		};
/* End PBXNativeTarget section */

/* Begin PBXProject section */
		45D80FBA19F7AC8700582441 /* Project object */ = {
			isa = PBXProject;
			attributes = {
				LastUpgradeCheck = 0600;
				ORGANIZATIONNAME = "Orten, Thomas";
				TargetAttributes = {
					45D80FC119F7AC8700582441 = {
						CreatedOnToolsVersion = 6.0.1;
						DevelopmentTeam = 4NJCGM5C75;
					};
					45D80FDA19F7AC8700582441 = {
						CreatedOnToolsVersion = 6.0.1;
						TestTargetID = 45D80FC119F7AC8700582441;
					};
				};
			};
			buildConfigurationList = 45D80FBD19F7AC8700582441 /* Build configuration list for PBXProject "Vaeret" */;
			compatibilityVersion = "Xcode 3.2";
			developmentRegion = English;
			hasScannedForEncodings = 0;
			knownRegions = (
				en,
				Base,
			);
			mainGroup = 45D80FB919F7AC8700582441;
			productRefGroup = 45D80FC319F7AC8700582441 /* Products */;
			projectDirPath = "";
			projectRoot = "";
			targets = (
				45D80FC119F7AC8700582441 /* Vaeret */,
				45D80FDA19F7AC8700582441 /* VaeretTests */,
			);
		};
/* End PBXProject section */

/* Begin PBXResourcesBuildPhase section */
		45D80FC019F7AC8700582441 /* Resources */ = {
			isa = PBXResourcesBuildPhase;
			buildActionMask = 2147483647;
			files = (
				45D80FD119F7AC8700582441 /* Main.storyboard in Resources */,
				45D80FD619F7AC8700582441 /* LaunchScreen.xib in Resources */,
				45D80FD319F7AC8700582441 /* Images.xcassets in Resources */,
				4573CD3E19F9141A00E1071B /* weathericons-regular-webfont.ttf in Resources */,
				45AAB4BD19F85BF100F11615 /* places.json in Resources */,
			);
			runOnlyForDeploymentPostprocessing = 0;
		};
		45D80FD919F7AC8700582441 /* Resources */ = {
			isa = PBXResourcesBuildPhase;
			buildActionMask = 2147483647;
			files = (
			);
			runOnlyForDeploymentPostprocessing = 0;
		};
/* End PBXResourcesBuildPhase section */

/* Begin PBXSourcesBuildPhase section */
		45D80FBE19F7AC8700582441 /* Sources */ = {
			isa = PBXSourcesBuildPhase;
			buildActionMask = 2147483647;
			files = (
				45AAB4C019F8D9E900F11615 /* CustomProgressView.m in Sources */,
				45D80FCE19F7AC8700582441 /* ViewController.m in Sources */,
				45D80FCB19F7AC8700582441 /* AppDelegate.m in Sources */,
				45D80FEE19F7E2AC00582441 /* MPGTextField.m in Sources */,
				45D80FC819F7AC8700582441 /* main.m in Sources */,
				4573CD4819F9485700E1071B /* WeatherCollectionViewCell.m in Sources */,
			);
			runOnlyForDeploymentPostprocessing = 0;
		};
		45D80FD719F7AC8700582441 /* Sources */ = {
			isa = PBXSourcesBuildPhase;
			buildActionMask = 2147483647;
			files = (
				45D80FE219F7AC8800582441 /* VaeretTests.m in Sources */,
			);
			runOnlyForDeploymentPostprocessing = 0;
		};
/* End PBXSourcesBuildPhase section */

/* Begin PBXTargetDependency section */
		45D80FDD19F7AC8800582441 /* PBXTargetDependency */ = {
			isa = PBXTargetDependency;
			target = 45D80FC119F7AC8700582441 /* Vaeret */;
			targetProxy = 45D80FDC19F7AC8800582441 /* PBXContainerItemProxy */;
		};
/* End PBXTargetDependency section */

/* Begin PBXVariantGroup section */
		45D80FCF19F7AC8700582441 /* Main.storyboard */ = {
			isa = PBXVariantGroup;
			children = (
				45D80FD019F7AC8700582441 /* Base */,
			);
			name = Main.storyboard;
			sourceTree = "<group>";
		};
		45D80FD419F7AC8700582441 /* LaunchScreen.xib */ = {
			isa = PBXVariantGroup;
			children = (
				45D80FD519F7AC8700582441 /* Base */,
			);
			name = LaunchScreen.xib;
			sourceTree = "<group>";
		};
/* End PBXVariantGroup section */

/* Begin XCBuildConfiguration section */
		45D80FE319F7AC8800582441 /* Debug */ = {
			isa = XCBuildConfiguration;
			buildSettings = {
				ALWAYS_SEARCH_USER_PATHS = NO;
				CLANG_CXX_LANGUAGE_STANDARD = "gnu++0x";
				CLANG_CXX_LIBRARY = "libc++";
				CLANG_ENABLE_MODULES = YES;
				CLANG_ENABLE_OBJC_ARC = YES;
				CLANG_WARN_BOOL_CONVERSION = YES;
				CLANG_WARN_CONSTANT_CONVERSION = YES;
				CLANG_WARN_DIRECT_OBJC_ISA_USAGE = YES_ERROR;
				CLANG_WARN_EMPTY_BODY = YES;
				CLANG_WARN_ENUM_CONVERSION = YES;
				CLANG_WARN_INT_CONVERSION = YES;
				CLANG_WARN_OBJC_ROOT_CLASS = YES_ERROR;
				CLANG_WARN_UNREACHABLE_CODE = YES;
				CLANG_WARN__DUPLICATE_METHOD_MATCH = YES;
				"CODE_SIGN_IDENTITY[sdk=iphoneos*]" = "iPhone Developer";
				COPY_PHASE_STRIP = NO;
				ENABLE_STRICT_OBJC_MSGSEND = YES;
				GCC_C_LANGUAGE_STANDARD = gnu99;
				GCC_DYNAMIC_NO_PIC = NO;
				GCC_OPTIMIZATION_LEVEL = 0;
				GCC_PREPROCESSOR_DEFINITIONS = (
					"DEBUG=1",
					"$(inherited)",
				);
				GCC_SYMBOLS_PRIVATE_EXTERN = NO;
				GCC_WARN_64_TO_32_BIT_CONVERSION = YES;
				GCC_WARN_ABOUT_RETURN_TYPE = YES_ERROR;
				GCC_WARN_UNDECLARED_SELECTOR = YES;
				GCC_WARN_UNINITIALIZED_AUTOS = YES_AGGRESSIVE;
				GCC_WARN_UNUSED_FUNCTION = YES;
				GCC_WARN_UNUSED_VARIABLE = YES;
				IPHONEOS_DEPLOYMENT_TARGET = 8.0;
				MTL_ENABLE_DEBUG_INFO = YES;
				ONLY_ACTIVE_ARCH = YES;
				SDKROOT = iphoneos;
			};
			name = Debug;
		};
		45D80FE419F7AC8800582441 /* Release */ = {
			isa = XCBuildConfiguration;
			buildSettings = {
				ALWAYS_SEARCH_USER_PATHS = NO;
				CLANG_CXX_LANGUAGE_STANDARD = "gnu++0x";
				CLANG_CXX_LIBRARY = "libc++";
				CLANG_ENABLE_MODULES = YES;
				CLANG_ENABLE_OBJC_ARC = YES;
				CLANG_WARN_BOOL_CONVERSION = YES;
				CLANG_WARN_CONSTANT_CONVERSION = YES;
				CLANG_WARN_DIRECT_OBJC_ISA_USAGE = YES_ERROR;
				CLANG_WARN_EMPTY_BODY = YES;
				CLANG_WARN_ENUM_CONVERSION = YES;
				CLANG_WARN_INT_CONVERSION = YES;
				CLANG_WARN_OBJC_ROOT_CLASS = YES_ERROR;
				CLANG_WARN_UNREACHABLE_CODE = YES;
				CLANG_WARN__DUPLICATE_METHOD_MATCH = YES;
				"CODE_SIGN_IDENTITY[sdk=iphoneos*]" = "iPhone Developer";
				COPY_PHASE_STRIP = YES;
				ENABLE_NS_ASSERTIONS = NO;
				ENABLE_STRICT_OBJC_MSGSEND = YES;
				GCC_C_LANGUAGE_STANDARD = gnu99;
				GCC_WARN_64_TO_32_BIT_CONVERSION = YES;
				GCC_WARN_ABOUT_RETURN_TYPE = YES_ERROR;
				GCC_WARN_UNDECLARED_SELECTOR = YES;
				GCC_WARN_UNINITIALIZED_AUTOS = YES_AGGRESSIVE;
				GCC_WARN_UNUSED_FUNCTION = YES;
				GCC_WARN_UNUSED_VARIABLE = YES;
				IPHONEOS_DEPLOYMENT_TARGET = 8.0;
				MTL_ENABLE_DEBUG_INFO = NO;
				SDKROOT = iphoneos;
				VALIDATE_PRODUCT = YES;
			};
			name = Release;
		};
		45D80FE619F7AC8800582441 /* Debug */ = {
			isa = XCBuildConfiguration;
			buildSettings = {
				ASSETCATALOG_COMPILER_APPICON_NAME = AppIcon;
				CODE_SIGN_IDENTITY = "iPhone Developer";
				"CODE_SIGN_IDENTITY[sdk=iphoneos*]" = "iPhone Developer";
				INFOPLIST_FILE = Vaeret/Info.plist;
				IPHONEOS_DEPLOYMENT_TARGET = 7.1;
				LD_RUNPATH_SEARCH_PATHS = "$(inherited) @executable_path/Frameworks";
				PRODUCT_NAME = "$(TARGET_NAME)";
				PROVISIONING_PROFILE = "";
			};
			name = Debug;
		};
		45D80FE719F7AC8800582441 /* Release */ = {
			isa = XCBuildConfiguration;
			buildSettings = {
				ASSETCATALOG_COMPILER_APPICON_NAME = AppIcon;
				CODE_SIGN_IDENTITY = "iPhone Developer";
				"CODE_SIGN_IDENTITY[sdk=iphoneos*]" = "iPhone Developer";
				INFOPLIST_FILE = Vaeret/Info.plist;
				IPHONEOS_DEPLOYMENT_TARGET = 7.1;
				LD_RUNPATH_SEARCH_PATHS = "$(inherited) @executable_path/Frameworks";
				PRODUCT_NAME = "$(TARGET_NAME)";
				PROVISIONING_PROFILE = "";
			};
			name = Release;
		};
		45D80FE919F7AC8800582441 /* Debug */ = {
			isa = XCBuildConfiguration;
			buildSettings = {
				BUNDLE_LOADER = "$(TEST_HOST)";
				FRAMEWORK_SEARCH_PATHS = (
					"$(SDKROOT)/Developer/Library/Frameworks",
					"$(inherited)",
				);
				GCC_PREPROCESSOR_DEFINITIONS = (
					"DEBUG=1",
					"$(inherited)",
				);
				INFOPLIST_FILE = VaeretTests/Info.plist;
				LD_RUNPATH_SEARCH_PATHS = "$(inherited) @executable_path/Frameworks @loader_path/Frameworks";
				PRODUCT_NAME = "$(TARGET_NAME)";
				TEST_HOST = "$(BUILT_PRODUCTS_DIR)/Vaeret.app/Vaeret";
			};
			name = Debug;
		};
		45D80FEA19F7AC8800582441 /* Release */ = {
			isa = XCBuildConfiguration;
			buildSettings = {
				BUNDLE_LOADER = "$(TEST_HOST)";
				FRAMEWORK_SEARCH_PATHS = (
					"$(SDKROOT)/Developer/Library/Frameworks",
					"$(inherited)",
				);
				INFOPLIST_FILE = VaeretTests/Info.plist;
				LD_RUNPATH_SEARCH_PATHS = "$(inherited) @executable_path/Frameworks @loader_path/Frameworks";
				PRODUCT_NAME = "$(TARGET_NAME)";
				TEST_HOST = "$(BUILT_PRODUCTS_DIR)/Vaeret.app/Vaeret";
			};
			name = Release;
		};
/* End XCBuildConfiguration section */

/* Begin XCConfigurationList section */
		45D80FBD19F7AC8700582441 /* Build configuration list for PBXProject "Vaeret" */ = {
			isa = XCConfigurationList;
			buildConfigurations = (
				45D80FE319F7AC8800582441 /* Debug */,
				45D80FE419F7AC8800582441 /* Release */,
			);
			defaultConfigurationIsVisible = 0;
			defaultConfigurationName = Release;
		};
		45D80FE519F7AC8800582441 /* Build configuration list for PBXNativeTarget "Vaeret" */ = {
			isa = XCConfigurationList;
			buildConfigurations = (
				45D80FE619F7AC8800582441 /* Debug */,
				45D80FE719F7AC8800582441 /* Release */,
			);
			defaultConfigurationIsVisible = 0;
			defaultConfigurationName = Release;
		};
		45D80FE819F7AC8800582441 /* Build configuration list for PBXNativeTarget "VaeretTests" */ = {
			isa = XCConfigurationList;
			buildConfigurations = (
				45D80FE919F7AC8800582441 /* Debug */,
				45D80FEA19F7AC8800582441 /* Release */,
			);
			defaultConfigurationIsVisible = 0;
			defaultConfigurationName = Release;
		};
/* End XCConfigurationList section */
	};
	rootObject = 45D80FBA19F7AC8700582441 /* Project object */;
}
